
Microsoft Visual Studio Solution File, Format Version 12.00
# Visual Studio Version 17
VisualStudioVersion = 17.7.34031.279
MinimumVisualStudioVersion = 10.0.40219.1
Project("{9A19103F-16F7-4668-BE54-9A1E7A4F7556}") = "QuikTek", "QuikTek.csproj", "{D4BD31A1-3B7B-48B2-A27A-AC5390208AA6}"
EndProject
Project("{54435603-DBB4-11D2-8724-00A0C9A8B90C}") = "Quiktek_Installer", "..\Quiktek_Installer\Quiktek_Installer.vdproj", "{16AC3AD2-EA36-4FD2-878B-E436404F7ADA}"
EndProject
Global
	GlobalSection(SolutionConfigurationPlatforms) = preSolution
		Debug|Any CPU = Debug|Any CPU
		Release|Any CPU = Release|Any CPU
	EndGlobalSection
	GlobalSection(ProjectConfigurationPlatforms) = postSolution
		{D4BD31A1-3B7B-48B2-A27A-AC5390208AA6}.Debug|Any CPU.ActiveCfg = Debug|Any CPU
		{D4BD31A1-3B7B-48B2-A27A-AC5390208AA6}.Debug|Any CPU.Build.0 = Debug|Any CPU
		{D4BD31A1-3B7B-48B2-A27A-AC5390208AA6}.Release|Any CPU.ActiveCfg = Release|Any CPU
		{D4BD31A1-3B7B-48B2-A27A-AC5390208AA6}.Release|Any CPU.Build.0 = Release|Any CPU
		{16AC3AD2-EA36-4FD2-878B-E436404F7ADA}.Debug|Any CPU.ActiveCfg = Debug
		{16AC3AD2-EA36-4FD2-878B-E436404F7ADA}.Release|Any CPU.ActiveCfg = Release
	EndGlobalSection
	GlobalSection(SolutionProperties) = preSolution
		HideSolutionNode = FALSE
	EndGlobalSection
	GlobalSection(ExtensibilityGlobals) = postSolution
		SolutionGuid = {88DF14E8-C14F-4F96-9B5B-E8464155D65F}
	EndGlobalSection
EndGlobal
